
Microsoft Visual Studio Solution File, Format Version 12.00
# Visual Studio Version 17
VisualStudioVersion = 17.14.37301.10 d17.14
MinimumVisualStudioVersion = 10.0.40219.1
Project("{8BC9CEB8-8B4A-11D0-8D11-00A0C91BC942}") = "USwitch32", "USwitch32.vcxproj", "{416EC688-9CD2-4A40-B2CE-4C2DA191E43A}"
EndProject
Global
	GlobalSection(SolutionConfigurationPlatforms) = preSolution
		Debug|x64 = Debug|x64
		Debug|x86 = Debug|x86
		Release|x64 = Release|x64
		Release|x86 = Release|x86
	EndGlobalSection
	GlobalSection(ProjectConfigurationPlatforms) = postSolution
		{416EC688-9CD2-4A40-B2CE-4C2DA191E43A}.Debug|x64.ActiveCfg = Debug|x64
		{416EC688-9CD2-4A40-B2CE-4C2DA191E43A}.Debug|x64.Build.0 = Debug|x64
		{416EC688-9CD2-4A40-B2CE-4C2DA191E43A}.Debug|x86.ActiveCfg = Debug|Win32
		{416EC688-9CD2-4A40-B2CE-4C2DA191E43A}.Debug|x86.Build.0 = Debug|Win32
		{416EC688-9CD2-4A40-B2CE-4C2DA191E43A}.Release|x64.ActiveCfg = Release|x64
		{416EC688-9CD2-4A40-B2CE-4C2DA191E43A}.Release|x64.Build.0 = Release|x64
		{416EC688-9CD2-4A40-B2CE-4C2DA191E43A}.Release|x86.ActiveCfg = Release|Win32
		{416EC688-9CD2-4A40-B2CE-4C2DA191E43A}.Release|x86.Build.0 = Release|Win32
	EndGlobalSection
	GlobalSection(SolutionProperties) = preSolution
		HideSolutionNode = FALSE
	EndGlobalSection
	GlobalSection(ExtensibilityGlobals) = postSolution
		SolutionGuid = {CC4B6D6C-53C2-4462-BEB7-AB45A573AF1D}
	EndGlobalSection
EndGlobal
